
Microsoft Visual Studio Solution File, Format Version 12.00
# Visual Studio Version 17
VisualStudioVersion = 17.14.36623.8 d17.14
MinimumVisualStudioVersion = 10.0.40219.1
Project("{FAE04EC0-301F-11D3-BF4B-00C04F79EFBC}") = "TracklistGenerator", "TracklistGenerator\TracklistGenerator.csproj", "{04DEA882-2E6C-478A-B7D1-92DF20FD9EA1}"
EndProject
Global
	GlobalSection(SolutionConfigurationPlatforms) = preSolution
		Debug|Any CPU = Debug|Any CPU
		Release|Any CPU = Release|Any CPU
	EndGlobalSection
	GlobalSection(ProjectConfigurationPlatforms) = postSolution
		{04DEA882-2E6C-478A-B7D1-92DF20FD9EA1}.Debug|Any CPU.ActiveCfg = Debug|Any CPU
		{04DEA882-2E6C-478A-B7D1-92DF20FD9EA1}.Debug|Any CPU.Build.0 = Debug|Any CPU
		{04DEA882-2E6C-478A-B7D1-92DF20FD9EA1}.Release|Any CPU.ActiveCfg = Release|Any CPU
		{04DEA882-2E6C-478A-B7D1-92DF20FD9EA1}.Release|Any CPU.Build.0 = Release|Any CPU
	EndGlobalSection
	GlobalSection(SolutionProperties) = preSolution
		HideSolutionNode = FALSE
	EndGlobalSection
	GlobalSection(ExtensibilityGlobals) = postSolution
		SolutionGuid = {E9197C95-A95D-438C-9DA0-374BB6030FE5}
	EndGlobalSection
EndGlobal
